// !$*UTF8*$!
{
	archiveVersion = 1;
	classes = {
	};
	objectVersion = 46;
	objects = {

/* Begin PBXBuildFile section */
		251D5BFABAAB503DF0B14D70 /* libPods-DynamicFeatureOjectiveDemoUITests.a in Frameworks */ = {isa = PBXBuildFile; fileRef = C0A62C025128A39525577718 /* libPods-DynamicFeatureOjectiveDemoUITests.a */; };
		343A08321EC54A6100D8FF18 /* main.m in Sources */ = {isa = PBXBuildFile; fileRef = 343A08311EC54A6100D8FF18 /* main.m */; };
		343A08351EC54A6100D8FF18 /* AppDelegate.m in Sources */ = {isa = PBXBuildFile; fileRef = 343A08341EC54A6100D8FF18 /* AppDelegate.m */; };
		343A08381EC54A6100D8FF18 /* ViewController.m in Sources */ = {isa = PBXBuildFile; fileRef = 343A08371EC54A6100D8FF18 /* ViewController.m */; };
		343A083B1EC54A6100D8FF18 /* Main.storyboard in Resources */ = {isa = PBXBuildFile; fileRef = 343A08391EC54A6100D8FF18 /* Main.storyboard */; };
		343A083D1EC54A6100D8FF18 /* Assets.xcassets in Resources */ = {isa = PBXBuildFile; fileRef = 343A083C1EC54A6100D8FF18 /* Assets.xcassets */; };
		343A08401EC54A6100D8FF18 /* LaunchScreen.storyboard in Resources */ = {isa = PBXBuildFile; fileRef = 343A083E1EC54A6100D8FF18 /* LaunchScreen.storyboard */; };
		343A084B1EC54A6100D8FF18 /* DynamicFeatureOjectiveDemoTests.m in Sources */ = {isa = PBXBuildFile; fileRef = 343A084A1EC54A6100D8FF18 /* DynamicFeatureOjectiveDemoTests.m */; };
		343A08561EC54A6100D8FF18 /* DynamicFeatureOjectiveDemoUITests.m in Sources */ = {isa = PBXBuildFile; fileRef = 343A08551EC54A6100D8FF18 /* DynamicFeatureOjectiveDemoUITests.m */; };
		9C05EB4DB375B11DDB25650A /* libPods-DynamicFeatureOjectiveDemoTests.a in Frameworks */ = {isa = PBXBuildFile; fileRef = EF601F29925FD43A8F454AC8 /* libPods-DynamicFeatureOjectiveDemoTests.a */; };
		D3DCC3B5CD845C11318C5E97 /* libPods-DynamicFeatureOjectiveDemo.a in Frameworks */ = {isa = PBXBuildFile; fileRef = 756B6DDEF73F46D40505A47E /* libPods-DynamicFeatureOjectiveDemo.a */; };
/* End PBXBuildFile section */

/* Begin PBXContainerItemProxy section */
		343A08471EC54A6100D8FF18 /* PBXContainerItemProxy */ = {
			isa = PBXContainerItemProxy;
			containerPortal = 343A08251EC54A6000D8FF18 /* Project object */;
			proxyType = 1;
			remoteGlobalIDString = 343A082C1EC54A6100D8FF18;
			remoteInfo = DynamicFeatureOjectiveDemo;
		};
		343A08521EC54A6100D8FF18 /* PBXContainerItemProxy */ = {
			isa = PBXContainerItemProxy;
			containerPortal = 343A08251EC54A6000D8FF18 /* Project object */;
			proxyType = 1;
			remoteGlobalIDString = 343A082C1EC54A6100D8FF18;
			remoteInfo = DynamicFeatureOjectiveDemo;
		};
/* End PBXContainerItemProxy section */

/* Begin PBXFileReference section */
		2E104BDBB593569D6D6B68FC /* Pods-DynamicFeatureOjectiveDemo.debug.xcconfig */ = {isa = PBXFileReference; includeInIndex = 1; lastKnownFileType = text.xcconfig; name = "Pods-DynamicFeatureOjectiveDemo.debug.xcconfig"; path = "Pods/Target Support Files/Pods-DynamicFeatureOjectiveDemo/Pods-DynamicFeatureOjectiveDemo.debug.xcconfig"; sourceTree = "<group>"; };
		343A082D1EC54A6100D8FF18 /* DynamicFeatureOjectiveDemo.app */ = {isa = PBXFileReference; explicitFileType = wrapper.application; includeInIndex = 0; path = DynamicFeatureOjectiveDemo.app; sourceTree = BUILT_PRODUCTS_DIR; };
		343A08311EC54A6100D8FF18 /* main.m */ = {isa = PBXFileReference; lastKnownFileType = sourcecode.c.objc; path = main.m; sourceTree = "<group>"; };
		343A08331EC54A6100D8FF18 /* AppDelegate.h */ = {isa = PBXFileReference; lastKnownFileType = sourcecode.c.h; path = AppDelegate.h; sourceTree = "<group>"; };
		343A08341EC54A6100D8FF18 /* AppDelegate.m */ = {isa = PBXFileReference; lastKnownFileType = sourcecode.c.objc; path = AppDelegate.m; sourceTree = "<group>"; };
		343A08361EC54A6100D8FF18 /* ViewController.h */ = {isa = PBXFileReference; lastKnownFileType = sourcecode.c.h; path = ViewController.h; sourceTree = "<group>"; };
		343A08371EC54A6100D8FF18 /* ViewController.m */ = {isa = PBXFileReference; lastKnownFileType = sourcecode.c.objc; path = ViewController.m; sourceTree = "<group>"; };
		343A083A1EC54A6100D8FF18 /* Base */ = {isa = PBXFileReference; lastKnownFileType = file.storyboard; name = Base; path = Base.lproj/Main.storyboard; sourceTree = "<group>"; };
		343A083C1EC54A6100D8FF18 /* Assets.xcassets */ = {isa = PBXFileReference; lastKnownFileType = folder.assetcatalog; path = Assets.xcassets; sourceTree = "<group>"; };
		343A083F1EC54A6100D8FF18 /* Base */ = {isa = PBXFileReference; lastKnownFileType = file.storyboard; name = Base; path = Base.lproj/LaunchScreen.storyboard; sourceTree = "<group>"; };
		343A08411EC54A6100D8FF18 /* Info.plist */ = {isa = PBXFileReference; lastKnownFileType = text.plist.xml; path = Info.plist; sourceTree = "<group>"; };
		343A08461EC54A6100D8FF18 /* DynamicFeatureOjectiveDemoTests.xctest */ = {isa = PBXFileReference; explicitFileType = wrapper.cfbundle; includeInIndex = 0; path = DynamicFeatureOjectiveDemoTests.xctest; sourceTree = BUILT_PRODUCTS_DIR; };
		343A084A1EC54A6100D8FF18 /* DynamicFeatureOjectiveDemoTests.m */ = {isa = PBXFileReference; lastKnownFileType = sourcecode.c.objc; path = DynamicFeatureOjectiveDemoTests.m; sourceTree = "<group>"; };
		343A084C1EC54A6100D8FF18 /* Info.plist */ = {isa = PBXFileReference; lastKnownFileType = text.plist.xml; path = Info.plist; sourceTree = "<group>"; };
		343A08511EC54A6100D8FF18 /* DynamicFeatureOjectiveDemoUITests.xctest */ = {isa = PBXFileReference; explicitFileType = wrapper.cfbundle; includeInIndex = 0; path = DynamicFeatureOjectiveDemoUITests.xctest; sourceTree = BUILT_PRODUCTS_DIR; };
		343A08551EC54A6100D8FF18 /* DynamicFeatureOjectiveDemoUITests.m */ = {isa = PBXFileReference; lastKnownFileType = sourcecode.c.objc; path = DynamicFeatureOjectiveDemoUITests.m; sourceTree = "<group>"; };
		343A08571EC54A6100D8FF18 /* Info.plist */ = {isa = PBXFileReference; lastKnownFileType = text.plist.xml; path = Info.plist; sourceTree = "<group>"; };
		527330DF5DBC937B02F7F811 /* Pods-DynamicFeatureOjectiveDemo.release.xcconfig */ = {isa = PBXFileReference; includeInIndex = 1; lastKnownFileType = text.xcconfig; name = "Pods-DynamicFeatureOjectiveDemo.release.xcconfig"; path = "Pods/Target Support Files/Pods-DynamicFeatureOjectiveDemo/Pods-DynamicFeatureOjectiveDemo.release.xcconfig"; sourceTree = "<group>"; };
		5F4E0B9495E20E1FCFB5CB99 /* Pods-DynamicFeatureOjectiveDemoUITests.debug.xcconfig */ = {isa = PBXFileReference; includeInIndex = 1; lastKnownFileType = text.xcconfig; name = "Pods-DynamicFeatureOjectiveDemoUITests.debug.xcconfig"; path = "Pods/Target Support Files/Pods-DynamicFeatureOjectiveDemoUITests/Pods-DynamicFeatureOjectiveDemoUITests.debug.xcconfig"; sourceTree = "<group>"; };
		756B6DDEF73F46D40505A47E /* libPods-DynamicFeatureOjectiveDemo.a */ = {isa = PBXFileReference; explicitFileType = archive.ar; includeInIndex = 0; path = "libPods-DynamicFeatureOjectiveDemo.a"; sourceTree = BUILT_PRODUCTS_DIR; };
		786461EE99E0D97BC572E46D /* Pods-DynamicFeatureOjectiveDemoTests.release.xcconfig */ = {isa = PBXFileReference; includeInIndex = 1; lastKnownFileType = text.xcconfig; name = "Pods-DynamicFeatureOjectiveDemoTests.release.xcconfig"; path = "Pods/Target Support Files/Pods-DynamicFeatureOjectiveDemoTests/Pods-DynamicFeatureOjectiveDemoTests.release.xcconfig"; sourceTree = "<group>"; };
		842DA303AB8E7BD2AAEA27F4 /* Pods-DynamicFeatureOjectiveDemoTests.debug.xcconfig */ = {isa = PBXFileReference; includeInIndex = 1; lastKnownFileType = text.xcconfig; name = "Pods-DynamicFeatureOjectiveDemoTests.debug.xcconfig"; path = "Pods/Target Support Files/Pods-DynamicFeatureOjectiveDemoTests/Pods-DynamicFeatureOjectiveDemoTests.debug.xcconfig"; sourceTree = "<group>"; };
		C0A62C025128A39525577718 /* libPods-DynamicFeatureOjectiveDemoUITests.a */ = {isa = PBXFileReference; explicitFileType = archive.ar; includeInIndex = 0; path = "libPods-DynamicFeatureOjectiveDemoUITests.a"; sourceTree = BUILT_PRODUCTS_DIR; };
		D30DEB0A35CC1EF496F7B6D9 /* Pods-DynamicFeatureOjectiveDemoUITests.release.xcconfig */ = {isa = PBXFileReference; includeInIndex = 1; lastKnownFileType = text.xcconfig; name = "Pods-DynamicFeatureOjectiveDemoUITests.release.xcconfig"; path = "Pods/Target Support Files/Pods-DynamicFeatureOjectiveDemoUITests/Pods-DynamicFeatureOjectiveDemoUITests.release.xcconfig"; sourceTree = "<group>"; };
		EF601F29925FD43A8F454AC8 /* libPods-DynamicFeatureOjectiveDemoTests.a */ = {isa = PBXFileReference; explicitFileType = archive.ar; includeInIndex = 0; path = "libPods-DynamicFeatureOjectiveDemoTests.a"; sourceTree = BUILT_PRODUCTS_DIR; };
/* End PBXFileReference section */

/* Begin PBXFrameworksBuildPhase section */
		343A082A1EC54A6100D8FF18 /* Frameworks */ = {
			isa = PBXFrameworksBuildPhase;
			buildActionMask = 2147483647;
			files = (
				D3DCC3B5CD845C11318C5E97 /* libPods-DynamicFeatureOjectiveDemo.a in Frameworks */,
			);
			runOnlyForDeploymentPostprocessing = 0;
		};
		343A08431EC54A6100D8FF18 /* Frameworks */ = {
			isa = PBXFrameworksBuildPhase;
			buildActionMask = 2147483647;
			files = (
				9C05EB4DB375B11DDB25650A /* libPods-DynamicFeatureOjectiveDemoTests.a in Frameworks */,
			);
			runOnlyForDeploymentPostprocessing = 0;
		};
		343A084E1EC54A6100D8FF18 /* Frameworks */ = {
			isa = PBXFrameworksBuildPhase;
			buildActionMask = 2147483647;
			files = (
				251D5BFABAAB503DF0B14D70 /* libPods-DynamicFeatureOjectiveDemoUITests.a in Frameworks */,
			);
			runOnlyForDeploymentPostprocessing = 0;
		};
/* End PBXFrameworksBuildPhase section */

/* Begin PBXGroup section */
		343A08241EC54A6000D8FF18 = {
			isa = PBXGroup;
			children = (
				343A082F1EC54A6100D8FF18 /* DynamicFeatureOjectiveDemo */,
				343A08491EC54A6100D8FF18 /* DynamicFeatureOjectiveDemoTests */,
				343A08541EC54A6100D8FF18 /* DynamicFeatureOjectiveDemoUITests */,
				343A082E1EC54A6100D8FF18 /* Products */,
				E8F5C6184F8E12B18346DE95 /* Pods */,
				E643E02773C9775258CC67A8 /* Frameworks */,
			);
			sourceTree = "<group>";
		};
		343A082E1EC54A6100D8FF18 /* Products */ = {
			isa = PBXGroup;
			children = (
				343A082D1EC54A6100D8FF18 /* DynamicFeatureOjectiveDemo.app */,
				343A08461EC54A6100D8FF18 /* DynamicFeatureOjectiveDemoTests.xctest */,
				343A08511EC54A6100D8FF18 /* DynamicFeatureOjectiveDemoUITests.xctest */,
			);
			name = Products;
			sourceTree = "<group>";
		};
		343A082F1EC54A6100D8FF18 /* DynamicFeatureOjectiveDemo */ = {
			isa = PBXGroup;
			children = (
				343A08331EC54A6100D8FF18 /* AppDelegate.h */,
				343A08341EC54A6100D8FF18 /* AppDelegate.m */,
				343A08361EC54A6100D8FF18 /* ViewController.h */,
				343A08371EC54A6100D8FF18 /* ViewController.m */,
				343A08391EC54A6100D8FF18 /* Main.storyboard */,
				343A083C1EC54A6100D8FF18 /* Assets.xcassets */,
				343A083E1EC54A6100D8FF18 /* LaunchScreen.storyboard */,
				343A08411EC54A6100D8FF18 /* Info.plist */,
				343A08301EC54A6100D8FF18 /* Supporting Files */,
			);
			path = DynamicFeatureOjectiveDemo;
			sourceTree = "<group>";
		};
		343A08301EC54A6100D8FF18 /* Supporting Files */ = {
			isa = PBXGroup;
			children = (
				343A08311EC54A6100D8FF18 /* main.m */,
			);
			name = "Supporting Files";
			sourceTree = "<group>";
		};
		343A08491EC54A6100D8FF18 /* DynamicFeatureOjectiveDemoTests */ = {
			isa = PBXGroup;
			children = (
				343A084A1EC54A6100D8FF18 /* DynamicFeatureOjectiveDemoTests.m */,
				343A084C1EC54A6100D8FF18 /* Info.plist */,
			);
			path = DynamicFeatureOjectiveDemoTests;
			sourceTree = "<group>";
		};
		343A08541EC54A6100D8FF18 /* DynamicFeatureOjectiveDemoUITests */ = {
			isa = PBXGroup;
			children = (
				343A08551EC54A6100D8FF18 /* DynamicFeatureOjectiveDemoUITests.m */,
				343A08571EC54A6100D8FF18 /* Info.plist */,
			);
			path = DynamicFeatureOjectiveDemoUITests;
			sourceTree = "<group>";
		};
		E643E02773C9775258CC67A8 /* Frameworks */ = {
			isa = PBXGroup;
			children = (
				756B6DDEF73F46D40505A47E /* libPods-DynamicFeatureOjectiveDemo.a */,
				EF601F29925FD43A8F454AC8 /* libPods-DynamicFeatureOjectiveDemoTests.a */,
				C0A62C025128A39525577718 /* libPods-DynamicFeatureOjectiveDemoUITests.a */,
			);
			name = Frameworks;
			sourceTree = "<group>";
		};
		E8F5C6184F8E12B18346DE95 /* Pods */ = {
			isa = PBXGroup;
			children = (
				2E104BDBB593569D6D6B68FC /* Pods-DynamicFeatureOjectiveDemo.debug.xcconfig */,
				527330DF5DBC937B02F7F811 /* Pods-DynamicFeatureOjectiveDemo.release.xcconfig */,
				842DA303AB8E7BD2AAEA27F4 /* Pods-DynamicFeatureOjectiveDemoTests.debug.xcconfig */,
				786461EE99E0D97BC572E46D /* Pods-DynamicFeatureOjectiveDemoTests.release.xcconfig */,
				5F4E0B9495E20E1FCFB5CB99 /* Pods-DynamicFeatureOjectiveDemoUITests.debug.xcconfig */,
				D30DEB0A35CC1EF496F7B6D9 /* Pods-DynamicFeatureOjectiveDemoUITests.release.xcconfig */,
			);
			name = Pods;
			sourceTree = "<group>";
		};
/* End PBXGroup section */

/* Begin PBXNativeTarget section */
		343A082C1EC54A6100D8FF18 /* DynamicFeatureOjectiveDemo */ = {
			isa = PBXNativeTarget;
			buildConfigurationList = 343A085A1EC54A6100D8FF18 /* Build configuration list for PBXNativeTarget "DynamicFeatureOjectiveDemo" */;
			buildPhases = (
				1C4A2BB20C3076BCA4D53D3B /* [CP] Check Pods Manifest.lock */,
				343A08291EC54A6100D8FF18 /* Sources */,
				343A082A1EC54A6100D8FF18 /* Frameworks */,
				343A082B1EC54A6100D8FF18 /* Resources */,
				4485DE8C360B7FA99AB95896 /* [CP] Embed Pods Frameworks */,
				76CC0586A10200C3748E7B78 /* [CP] Copy Pods Resources */,
			);
			buildRules = (
			);
			dependencies = (
			);
			name = DynamicFeatureOjectiveDemo;
			productName = DynamicFeatureOjectiveDemo;
			productReference = 343A082D1EC54A6100D8FF18 /* DynamicFeatureOjectiveDemo.app */;
			productType = "com.apple.product-type.application";
		};
		343A08451EC54A6100D8FF18 /* DynamicFeatureOjectiveDemoTests */ = {
			isa = PBXNativeTarget;
			buildConfigurationList = 343A085D1EC54A6100D8FF18 /* Build configuration list for PBXNativeTarget "DynamicFeatureOjectiveDemoTests" */;
			buildPhases = (
				89AB53F5D4587571ED6C0D0E /* [CP] Check Pods Manifest.lock */,
				343A08421EC54A6100D8FF18 /* Sources */,
				343A08431EC54A6100D8FF18 /* Frameworks */,
				343A08441EC54A6100D8FF18 /* Resources */,
				90221F72A4BCD48BBF7D0CD5 /* [CP] Embed Pods Frameworks */,
				65B3C43724451366D0872C49 /* [CP] Copy Pods Resources */,
			);
			buildRules = (
			);
			dependencies = (
				343A08481EC54A6100D8FF18 /* PBXTargetDependency */,
			);
			name = DynamicFeatureOjectiveDemoTests;
			productName = DynamicFeatureOjectiveDemoTests;
			productReference = 343A08461EC54A6100D8FF18 /* DynamicFeatureOjectiveDemoTests.xctest */;
			productType = "com.apple.product-type.bundle.unit-test";
		};
		343A08501EC54A6100D8FF18 /* DynamicFeatureOjectiveDemoUITests */ = {
			isa = PBXNativeTarget;
			buildConfigurationList = 343A08601EC54A6100D8FF18 /* Build configuration list for PBXNativeTarget "DynamicFeatureOjectiveDemoUITests" */;
			buildPhases = (
				91242E86A316CC0D38DBA65B /* [CP] Check Pods Manifest.lock */,
				343A084D1EC54A6100D8FF18 /* Sources */,
				343A084E1EC54A6100D8FF18 /* Frameworks */,
				343A084F1EC54A6100D8FF18 /* Resources */,
				4A6294A706DCD5A4B93DEF6C /* [CP] Embed Pods Frameworks */,
				6209E8A14411214A8F1B9D48 /* [CP] Copy Pods Resources */,
			);
			buildRules = (
			);
			dependencies = (
				343A08531EC54A6100D8FF18 /* PBXTargetDependency */,
			);
			name = DynamicFeatureOjectiveDemoUITests;
			productName = DynamicFeatureOjectiveDemoUITests;
			productReference = 343A08511EC54A6100D8FF18 /* DynamicFeatureOjectiveDemoUITests.xctest */;
			productType = "com.apple.product-type.bundle.ui-testing";
		};
/* End PBXNativeTarget section */

/* Begin PBXProject section */
		343A08251EC54A6000D8FF18 /* Project object */ = {
			isa = PBXProject;
			attributes = {
				LastUpgradeCheck = 0830;
				ORGANIZATIONNAME = StevenXie;
				TargetAttributes = {
					343A082C1EC54A6100D8FF18 = {
						CreatedOnToolsVersion = 8.3;
						DevelopmentTeam = 7QT42R489Z;
						ProvisioningStyle = Automatic;
					};
					343A08451EC54A6100D8FF18 = {
						CreatedOnToolsVersion = 8.3;
						ProvisioningStyle = Automatic;
						TestTargetID = 343A082C1EC54A6100D8FF18;
					};
					343A08501EC54A6100D8FF18 = {
						CreatedOnToolsVersion = 8.3;
						ProvisioningStyle = Automatic;
						TestTargetID = 343A082C1EC54A6100D8FF18;
					};
				};
			};
			buildConfigurationList = 343A08281EC54A6000D8FF18 /* Build configuration list for PBXProject "DynamicFeatureOjectiveDemo" */;
			compatibilityVersion = "Xcode 3.2";
			developmentRegion = English;
			hasScannedForEncodings = 0;
			knownRegions = (
				en,
				Base,
			);
			mainGroup = 343A08241EC54A6000D8FF18;
			productRefGroup = 343A082E1EC54A6100D8FF18 /* Products */;
			projectDirPath = "";
			projectRoot = "";
			targets = (
				343A082C1EC54A6100D8FF18 /* DynamicFeatureOjectiveDemo */,
				343A08451EC54A6100D8FF18 /* DynamicFeatureOjectiveDemoTests */,
				343A08501EC54A6100D8FF18 /* DynamicFeatureOjectiveDemoUITests */,
			);
		};
/* End PBXProject section */

/* Begin PBXResourcesBuildPhase section */
		343A082B1EC54A6100D8FF18 /* Resources */ = {
			isa = PBXResourcesBuildPhase;
			buildActionMask = 2147483647;
			files = (
				343A08401EC54A6100D8FF18 /* LaunchScreen.storyboard in Resources */,
				343A083D1EC54A6100D8FF18 /* Assets.xcassets in Resources */,
				343A083B1EC54A6100D8FF18 /* Main.storyboard in Resources */,
			);
			runOnlyForDeploymentPostprocessing = 0;
		};
		343A08441EC54A6100D8FF18 /* Resources */ = {
			isa = PBXResourcesBuildPhase;
			buildActionMask = 2147483647;
			files = (
			);
			runOnlyForDeploymentPostprocessing = 0;
		};
		343A084F1EC54A6100D8FF18 /* Resources */ = {
			isa = PBXResourcesBuildPhase;
			buildActionMask = 2147483647;
			files = (
			);
			runOnlyForDeploymentPostprocessing = 0;
		};
/* End PBXResourcesBuildPhase section */

/* Begin PBXShellScriptBuildPhase section */
		1C4A2BB20C3076BCA4D53D3B /* [CP] Check Pods Manifest.lock */ = {
			isa = PBXShellScriptBuildPhase;
			buildActionMask = 2147483647;
			files = (
			);
			inputPaths = (
			);
			name = "[CP] Check Pods Manifest.lock";
			outputPaths = (
			);
			runOnlyForDeploymentPostprocessing = 0;
			shellPath = /bin/sh;
			shellScript = "diff \"${PODS_PODFILE_DIR_PATH}/Podfile.lock\" \"${PODS_ROOT}/Manifest.lock\" > /dev/null\nif [ $? != 0 ] ; then\n    # print error to STDERR\n    echo \"error: The sandbox is not in sync with the Podfile.lock. Run 'pod install' or update your CocoaPods installation.\" >&2\n    exit 1\nfi\n";
			showEnvVarsInLog = 0;
		};
		4485DE8C360B7FA99AB95896 /* [CP] Embed Pods Frameworks */ = {
			isa = PBXShellScriptBuildPhase;
			buildActionMask = 2147483647;
			files = (
			);
			inputPaths = (
			);
			name = "[CP] Embed Pods Frameworks";
			outputPaths = (
			);
			runOnlyForDeploymentPostprocessing = 0;
			shellPath = /bin/sh;
			shellScript = "\"${SRCROOT}/Pods/Target Support Files/Pods-DynamicFeatureOjectiveDemo/Pods-DynamicFeatureOjectiveDemo-frameworks.sh\"\n";
			showEnvVarsInLog = 0;
		};
		4A6294A706DCD5A4B93DEF6C /* [CP] Embed Pods Frameworks */ = {
			isa = PBXShellScriptBuildPhase;
			buildActionMask = 2147483647;
			files = (
			);
			inputPaths = (
			);
			name = "[CP] Embed Pods Frameworks";
			outputPaths = (
			);
			runOnlyForDeploymentPostprocessing = 0;
			shellPath = /bin/sh;
			shellScript = "\"${SRCROOT}/Pods/Target Support Files/Pods-DynamicFeatureOjectiveDemoUITests/Pods-DynamicFeatureOjectiveDemoUITests-frameworks.sh\"\n";
			showEnvVarsInLog = 0;
		};
		6209E8A14411214A8F1B9D48 /* [CP] Copy Pods Resources */ = {
			isa = PBXShellScriptBuildPhase;
			buildActionMask = 2147483647;
			files = (
			);
			inputPaths = (
			);
			name = "[CP] Copy Pods Resources";
			outputPaths = (
			);
			runOnlyForDeploymentPostprocessing = 0;
			shellPath = /bin/sh;
			shellScript = "\"${SRCROOT}/Pods/Target Support Files/Pods-DynamicFeatureOjectiveDemoUITests/Pods-DynamicFeatureOjectiveDemoUITests-resources.sh\"\n";
			showEnvVarsInLog = 0;
		};
		65B3C43724451366D0872C49 /* [CP] Copy Pods Resources */ = {
			isa = PBXShellScriptBuildPhase;
			buildActionMask = 2147483647;
			files = (
			);
			inputPaths = (
			);
			name = "[CP] Copy Pods Resources";
			outputPaths = (
			);
			runOnlyForDeploymentPostprocessing = 0;
			shellPath = /bin/sh;
			shellScript = "\"${SRCROOT}/Pods/Target Support Files/Pods-DynamicFeatureOjectiveDemoTests/Pods-DynamicFeatureOjectiveDemoTests-resources.sh\"\n";
			showEnvVarsInLog = 0;
		};
		76CC0586A10200C3748E7B78 /* [CP] Copy Pods Resources */ = {
			isa = PBXShellScriptBuildPhase;
			buildActionMask = 2147483647;
			files = (
			);
			inputPaths = (
			);
			name = "[CP] Copy Pods Resources";
			outputPaths = (
			);
			runOnlyForDeploymentPostprocessing = 0;
			shellPath = /bin/sh;
			shellScript = "\"${SRCROOT}/Pods/Target Support Files/Pods-DynamicFeatureOjectiveDemo/Pods-DynamicFeatureOjectiveDemo-resources.sh\"\n";
			showEnvVarsInLog = 0;
		};
		89AB53F5D4587571ED6C0D0E /* [CP] Check Pods Manifest.lock */ = {
			isa = PBXShellScriptBuildPhase;
			buildActionMask = 2147483647;
			files = (
			);
			inputPaths = (
			);
			name = "[CP] Check Pods Manifest.lock";
			outputPaths = (
			);
			runOnlyForDeploymentPostprocessing = 0;
			shellPath = /bin/sh;
			shellScript = "diff \"${PODS_PODFILE_DIR_PATH}/Podfile.lock\" \"${PODS_ROOT}/Manifest.lock\" > /dev/null\nif [ $? != 0 ] ; then\n    # print error to STDERR\n    echo \"error: The sandbox is not in sync with the Podfile.lock. Run 'pod install' or update your CocoaPods installation.\" >&2\n    exit 1\nfi\n";
			showEnvVarsInLog = 0;
		};
		90221F72A4BCD48BBF7D0CD5 /* [CP] Embed Pods Frameworks */ = {
			isa = PBXShellScriptBuildPhase;
			buildActionMask = 2147483647;
			files = (
			);
			inputPaths = (
			);
			name = "[CP] Embed Pods Frameworks";
			outputPaths = (
			);
			runOnlyForDeploymentPostprocessing = 0;
			shellPath = /bin/sh;
			shellScript = "\"${SRCROOT}/Pods/Target Support Files/Pods-DynamicFeatureOjectiveDemoTests/Pods-DynamicFeatureOjectiveDemoTests-frameworks.sh\"\n";
			showEnvVarsInLog = 0;
		};
		91242E86A316CC0D38DBA65B /* [CP] Check Pods Manifest.lock */ = {
			isa = PBXShellScriptBuildPhase;
			buildActionMask = 2147483647;
			files = (
			);
			inputPaths = (
			);
			name = "[CP] Check Pods Manifest.lock";
			outputPaths = (
			);
			runOnlyForDeploymentPostprocessing = 0;
			shellPath = /bin/sh;
			shellScript = "diff \"${PODS_PODFILE_DIR_PATH}/Podfile.lock\" \"${PODS_ROOT}/Manifest.lock\" > /dev/null\nif [ $? != 0 ] ; then\n    # print error to STDERR\n    echo \"error: The sandbox is not in sync with the Podfile.lock. Run 'pod install' or update your CocoaPods installation.\" >&2\n    exit 1\nfi\n";
			showEnvVarsInLog = 0;
		};
/* End PBXShellScriptBuildPhase section */

/* Begin PBXSourcesBuildPhase section */
		343A08291EC54A6100D8FF18 /* Sources */ = {
			isa = PBXSourcesBuildPhase;
			buildActionMask = 2147483647;
			files = (
				343A08381EC54A6100D8FF18 /* ViewController.m in Sources */,
				343A08351EC54A6100D8FF18 /* AppDelegate.m in Sources */,
				343A08321EC54A6100D8FF18 /* main.m in Sources */,
			);
			runOnlyForDeploymentPostprocessing = 0;
		};
		343A08421EC54A6100D8FF18 /* Sources */ = {
			isa = PBXSourcesBuildPhase;
			buildActionMask = 2147483647;
			files = (
				343A084B1EC54A6100D8FF18 /* DynamicFeatureOjectiveDemoTests.m in Sources */,
			);
			runOnlyForDeploymentPostprocessing = 0;
		};
		343A084D1EC54A6100D8FF18 /* Sources */ = {
			isa = PBXSourcesBuildPhase;
			buildActionMask = 2147483647;
			files = (
				343A08561EC54A6100D8FF18 /* DynamicFeatureOjectiveDemoUITests.m in Sources */,
			);
			runOnlyForDeploymentPostprocessing = 0;
		};
/* End PBXSourcesBuildPhase section */

/* Begin PBXTargetDependency section */
		343A08481EC54A6100D8FF18 /* PBXTargetDependency */ = {
			isa = PBXTargetDependency;
			target = 343A082C1EC54A6100D8FF18 /* DynamicFeatureOjectiveDemo */;
			targetProxy = 343A08471EC54A6100D8FF18 /* PBXContainerItemProxy */;
		};
		343A08531EC54A6100D8FF18 /* PBXTargetDependency */ = {
			isa = PBXTargetDependency;
			target = 343A082C1EC54A6100D8FF18 /* DynamicFeatureOjectiveDemo */;
			targetProxy = 343A08521EC54A6100D8FF18 /* PBXContainerItemProxy */;
		};
/* End PBXTargetDependency section */

/* Begin PBXVariantGroup section */
		343A08391EC54A6100D8FF18 /* Main.storyboard */ = {
			isa = PBXVariantGroup;
			children = (
				343A083A1EC54A6100D8FF18 /* Base */,
			);
			name = Main.storyboard;
			sourceTree = "<group>";
		};
		343A083E1EC54A6100D8FF18 /* LaunchScreen.storyboard */ = {
			isa = PBXVariantGroup;
			children = (
				343A083F1EC54A6100D8FF18 /* Base */,
			);
			name = LaunchScreen.storyboard;
			sourceTree = "<group>";
		};
/* End PBXVariantGroup section */

/* Begin XCBuildConfiguration section */
		343A08581EC54A6100D8FF18 /* Debug */ = {
			isa = XCBuildConfiguration;
			buildSettings = {
				ALWAYS_SEARCH_USER_PATHS = NO;
				CLANG_ANALYZER_NONNULL = YES;
				CLANG_ANALYZER_NUMBER_OBJECT_CONVERSION = YES_AGGRESSIVE;
				CLANG_CXX_LANGUAGE_STANDARD = "gnu++0x";
				CLANG_CXX_LIBRARY = "libc++";
				CLANG_ENABLE_MODULES = YES;
				CLANG_ENABLE_OBJC_ARC = YES;
				CLANG_WARN_BOOL_CONVERSION = YES;
				CLANG_WARN_CONSTANT_CONVERSION = YES;
				CLANG_WARN_DIRECT_OBJC_ISA_USAGE = YES_ERROR;
				CLANG_WARN_DOCUMENTATION_COMMENTS = YES;
				CLANG_WARN_EMPTY_BODY = YES;
				CLANG_WARN_ENUM_CONVERSION = YES;
				CLANG_WARN_INFINITE_RECURSION = YES;
				CLANG_WARN_INT_CONVERSION = YES;
				CLANG_WARN_OBJC_ROOT_CLASS = YES_ERROR;
				CLANG_WARN_SUSPICIOUS_MOVE = YES;
				CLANG_WARN_UNREACHABLE_CODE = YES;
				CLANG_WARN__DUPLICATE_METHOD_MATCH = YES;
				"CODE_SIGN_IDENTITY[sdk=iphoneos*]" = "iPhone Developer";
				COPY_PHASE_STRIP = NO;
				DEBUG_INFORMATION_FORMAT = dwarf;
				ENABLE_STRICT_OBJC_MSGSEND = YES;
				ENABLE_TESTABILITY = YES;
				GCC_C_LANGUAGE_STANDARD = gnu99;
				GCC_DYNAMIC_NO_PIC = NO;
				GCC_NO_COMMON_BLOCKS = YES;
				GCC_OPTIMIZATION_LEVEL = 0;
				GCC_PREPROCESSOR_DEFINITIONS = (
					"DEBUG=1",
					"$(inherited)",
				);
				GCC_WARN_64_TO_32_BIT_CONVERSION = YES;
				GCC_WARN_ABOUT_RETURN_TYPE = YES_ERROR;
				GCC_WARN_UNDECLARED_SELECTOR = YES;
				GCC_WARN_UNINITIALIZED_AUTOS = YES_AGGRESSIVE;
				GCC_WARN_UNUSED_FUNCTION = YES;
				GCC_WARN_UNUSED_VARIABLE = YES;
				IPHONEOS_DEPLOYMENT_TARGET = 10.3;
				MTL_ENABLE_DEBUG_INFO = YES;
				ONLY_ACTIVE_ARCH = YES;
				SDKROOT = iphoneos;
				TARGETED_DEVICE_FAMILY = "1,2";
			};
			name = Debug;
		};
		343A08591EC54A6100D8FF18 /* Release */ = {
			isa = XCBuildConfiguration;
			buildSettings = {
				ALWAYS_SEARCH_USER_PATHS = NO;
				CLANG_ANALYZER_NONNULL = YES;
				CLANG_ANALYZER_NUMBER_OBJECT_CONVERSION = YES_AGGRESSIVE;
				CLANG_CXX_LANGUAGE_STANDARD = "gnu++0x";
				CLANG_CXX_LIBRARY = "libc++";
				CLANG_ENABLE_MODULES = YES;
				CLANG_ENABLE_OBJC_ARC = YES;
				CLANG_WARN_BOOL_CONVERSION = YES;
				CLANG_WARN_CONSTANT_CONVERSION = YES;
				CLANG_WARN_DIRECT_OBJC_ISA_USAGE = YES_ERROR;
				CLANG_WARN_DOCUMENTATION_COMMENTS = YES;
				CLANG_WARN_EMPTY_BODY = YES;
				CLANG_WARN_ENUM_CONVERSION = YES;
				CLANG_WARN_INFINITE_RECURSION = YES;
				CLANG_WARN_INT_CONVERSION = YES;
				CLANG_WARN_OBJC_ROOT_CLASS = YES_ERROR;
				CLANG_WARN_SUSPICIOUS_MOVE = YES;
				CLANG_WARN_UNREACHABLE_CODE = YES;
				CLANG_WARN__DUPLICATE_METHOD_MATCH = YES;
				"CODE_SIGN_IDENTITY[sdk=iphoneos*]" = "iPhone Developer";
				COPY_PHASE_STRIP = NO;
				DEBUG_INFORMATION_FORMAT = "dwarf-with-dsym";
				ENABLE_NS_ASSERTIONS = NO;
				ENABLE_STRICT_OBJC_MSGSEND = YES;
				GCC_C_LANGUAGE_STANDARD = gnu99;
				GCC_NO_COMMON_BLOCKS = YES;
				GCC_WARN_64_TO_32_BIT_CONVERSION = YES;
				GCC_WARN_ABOUT_RETURN_TYPE = YES_ERROR;
				GCC_WARN_UNDECLARED_SELECTOR = YES;
				GCC_WARN_UNINITIALIZED_AUTOS = YES_AGGRESSIVE;
				GCC_WARN_UNUSED_FUNCTION = YES;
				GCC_WARN_UNUSED_VARIABLE = YES;
				IPHONEOS_DEPLOYMENT_TARGET = 10.3;
				MTL_ENABLE_DEBUG_INFO = NO;
				SDKROOT = iphoneos;
				TARGETED_DEVICE_FAMILY = "1,2";
				VALIDATE_PRODUCT = YES;
			};
			name = Release;
		};
		343A085B1EC54A6100D8FF18 /* Debug */ = {
			isa = XCBuildConfiguration;
			baseConfigurationReference = 2E104BDBB593569D6D6B68FC /* Pods-DynamicFeatureOjectiveDemo.debug.xcconfig */;
			buildSettings = {
				ASSETCATALOG_COMPILER_APPICON_NAME = AppIcon;
				DEVELOPMENT_TEAM = 7QT42R489Z;
				INFOPLIST_FILE = DynamicFeatureOjectiveDemo/Info.plist;
				IPHONEOS_DEPLOYMENT_TARGET = 8.0;
				LD_RUNPATH_SEARCH_PATHS = "$(inherited) @executable_path/Frameworks";
				PRODUCT_BUNDLE_IDENTIFIER = R.S.DynamicFeatureOjectiveDemo;
				PRODUCT_NAME = "$(TARGET_NAME)";
			};
			name = Debug;
		};
		343A085C1EC54A6100D8FF18 /* Release */ = {
			isa = XCBuildConfiguration;
			baseConfigurationReference = 527330DF5DBC937B02F7F811 /* Pods-DynamicFeatureOjectiveDemo.release.xcconfig */;
			buildSettings = {
				ASSETCATALOG_COMPILER_APPICON_NAME = AppIcon;
				DEVELOPMENT_TEAM = 7QT42R489Z;
				INFOPLIST_FILE = DynamicFeatureOjectiveDemo/Info.plist;
				IPHONEOS_DEPLOYMENT_TARGET = 8.0;
				LD_RUNPATH_SEARCH_PATHS = "$(inherited) @executable_path/Frameworks";
				PRODUCT_BUNDLE_IDENTIFIER = R.S.DynamicFeatureOjectiveDemo;
				PRODUCT_NAME = "$(TARGET_NAME)";
			};
			name = Release;
		};
		343A085E1EC54A6100D8FF18 /* Debug */ = {
			isa = XCBuildConfiguration;
			baseConfigurationReference = 842DA303AB8E7BD2AAEA27F4 /* Pods-DynamicFeatureOjectiveDemoTests.debug.xcconfig */;
			buildSettings = {
				BUNDLE_LOADER = "$(TEST_HOST)";
				INFOPLIST_FILE = DynamicFeatureOjectiveDemoTests/Info.plist;
				LD_RUNPATH_SEARCH_PATHS = "$(inherited) @executable_path/Frameworks @loader_path/Frameworks";
				PRODUCT_BUNDLE_IDENTIFIER = R.S.DynamicFeatureOjectiveDemoTests;
				PRODUCT_NAME = "$(TARGET_NAME)";
				TEST_HOST = "$(BUILT_PRODUCTS_DIR)/DynamicFeatureOjectiveDemo.app/DynamicFeatureOjectiveDemo";
			};
			name = Debug;
		};
		343A085F1EC54A6100D8FF18 /* Release */ = {
			isa = XCBuildConfiguration;
			baseConfigurationReference = 786461EE99E0D97BC572E46D /* Pods-DynamicFeatureOjectiveDemoTests.release.xcconfig */;
			buildSettings = {
				BUNDLE_LOADER = "$(TEST_HOST)";
				INFOPLIST_FILE = DynamicFeatureOjectiveDemoTests/Info.plist;
				LD_RUNPATH_SEARCH_PATHS = "$(inherited) @executable_path/Frameworks @loader_path/Frameworks";
				PRODUCT_BUNDLE_IDENTIFIER = R.S.DynamicFeatureOjectiveDemoTests;
				PRODUCT_NAME = "$(TARGET_NAME)";
				TEST_HOST = "$(BUILT_PRODUCTS_DIR)/DynamicFeatureOjectiveDemo.app/DynamicFeatureOjectiveDemo";
			};
			name = Release;
		};
		343A08611EC54A6100D8FF18 /* Debug */ = {
			isa = XCBuildConfiguration;
			baseConfigurationReference = 5F4E0B9495E20E1FCFB5CB99 /* Pods-DynamicFeatureOjectiveDemoUITests.debug.xcconfig */;
			buildSettings = {
				INFOPLIST_FILE = DynamicFeatureOjectiveDemoUITests/Info.plist;
				LD_RUNPATH_SEARCH_PATHS = "$(inherited) @executable_path/Frameworks @loader_path/Frameworks";
				PRODUCT_BUNDLE_IDENTIFIER = R.S.DynamicFeatureOjectiveDemoUITests;
				PRODUCT_NAME = "$(TARGET_NAME)";
				TEST_TARGET_NAME = DynamicFeatureOjectiveDemo;
			};
			name = Debug;
		};
		343A08621EC54A6100D8FF18 /* Release */ = {
			isa = XCBuildConfiguration;
			baseConfigurationReference = D30DEB0A35CC1EF496F7B6D9 /* Pods-DynamicFeatureOjectiveDemoUITests.release.xcconfig */;
			buildSettings = {
				INFOPLIST_FILE = DynamicFeatureOjectiveDemoUITests/Info.plist;
				LD_RUNPATH_SEARCH_PATHS = "$(inherited) @executable_path/Frameworks @loader_path/Frameworks";
				PRODUCT_BUNDLE_IDENTIFIER = R.S.DynamicFeatureOjectiveDemoUITests;
				PRODUCT_NAME = "$(TARGET_NAME)";
				TEST_TARGET_NAME = DynamicFeatureOjectiveDemo;
			};
			name = Release;
		};
/* End XCBuildConfiguration section */

/* Begin XCConfigurationList section */
		343A08281EC54A6000D8FF18 /* Build configuration list for PBXProject "DynamicFeatureOjectiveDemo" */ = {
			isa = XCConfigurationList;
			buildConfigurations = (
				343A08581EC54A6100D8FF18 /* Debug */,
				343A08591EC54A6100D8FF18 /* Release */,
			);
			defaultConfigurationIsVisible = 0;
			defaultConfigurationName = Release;
		};
		343A085A1EC54A6100D8FF18 /* Build configuration list for PBXNativeTarget "DynamicFeatureOjectiveDemo" */ = {
			isa = XCConfigurationList;
			buildConfigurations = (
				343A085B1EC54A6100D8FF18 /* Debug */,
				343A085C1EC54A6100D8FF18 /* Release */,
			);
			defaultConfigurationIsVisible = 0;
			defaultConfigurationName = Release;
		};
		343A085D1EC54A6100D8FF18 /* Build configuration list for PBXNativeTarget "DynamicFeatureOjectiveDemoTests" */ = {
			isa = XCConfigurationList;
			buildConfigurations = (
				343A085E1EC54A6100D8FF18 /* Debug */,
				343A085F1EC54A6100D8FF18 /* Release */,
			);
			defaultConfigurationIsVisible = 0;
			defaultConfigurationName = Release;
		};
		343A08601EC54A6100D8FF18 /* Build configuration list for PBXNativeTarget "DynamicFeatureOjectiveDemoUITests" */ = {
			isa = XCConfigurationList;
			buildConfigurations = (
				343A08611EC54A6100D8FF18 /* Debug */,
				343A08621EC54A6100D8FF18 /* Release */,
			);
			defaultConfigurationIsVisible = 0;
			defaultConfigurationName = Release;
		};
/* End XCConfigurationList section */
	};
	rootObject = 343A08251EC54A6000D8FF18 /* Project object */;
}
